
Microsoft Visual Studio Solution File, Format Version 12.00
# Visual Studio Version 17
VisualStudioVersion = 17.6.33815.320
MinimumVisualStudioVersion = 10.0.40219.1
Project("{FAE04EC0-301F-11D3-BF4B-00C04F79EFBC}") = "HeatPump", "HeatPump\HeatPump.csproj", "{495D8E4B-84F3-4D3E-B3F3-93C26544A201}"
EndProject
Global
	GlobalSection(SolutionConfigurationPlatforms) = preSolution
		Debug|Any CPU = Debug|Any CPU
		Release|Any CPU = Release|Any CPU
	EndGlobalSection
	GlobalSection(ProjectConfigurationPlatforms) = postSolution
		{495D8E4B-84F3-4D3E-B3F3-93C26544A201}.Debug|Any CPU.ActiveCfg = Debug|Any CPU
		{495D8E4B-84F3-4D3E-B3F3-93C26544A201}.Debug|Any CPU.Build.0 = Debug|Any CPU
		{495D8E4B-84F3-4D3E-B3F3-93C26544A201}.Release|Any CPU.ActiveCfg = Release|Any CPU
		{495D8E4B-84F3-4D3E-B3F3-93C26544A201}.Release|Any CPU.Build.0 = Release|Any CPU
	EndGlobalSection
	GlobalSection(SolutionProperties) = preSolution
		HideSolutionNode = FALSE
	EndGlobalSection
	GlobalSection(ExtensibilityGlobals) = postSolution
		SolutionGuid = {030D794B-97D8-41A9-9BB5-CDC70278B1C2}
	EndGlobalSection
EndGlobal
